
Microsoft Visual Studio Solution File, Format Version 12.00
# Visual Studio Version 17
VisualStudioVersion = 17.7.34202.233
MinimumVisualStudioVersion = 10.0.40219.1
Project("{FAE04EC0-301F-11D3-BF4B-00C04F79EFBC}") = "BorwinAnalyse", "BorwinAnalyse\BorwinAnalyse.csproj", "{E24F3998-FF55-4A8F-A7B5-B2DCC34EB3C2}"
EndProject
Project("{FAE04EC0-301F-11D3-BF4B-00C04F79EFBC}") = "BorwinSplicMachine", "BorwinSplicMachine\BorwinSplicMachine.csproj", "{AD85DA65-1CA0-48C3-A8FE-C4AAE13C086D}"
EndProject
Project("{FAE04EC0-301F-11D3-BF4B-00C04F79EFBC}") = "VisionModel", "VisionModel\VisionModel.csproj", "{4FC18E6E-E14E-4C08-94F3-FA4D6793A012}"
EndProject
Global
	GlobalSection(SolutionConfigurationPlatforms) = preSolution
		Debug|Any CPU = Debug|Any CPU
		Release|Any CPU = Release|Any CPU
	EndGlobalSection
	GlobalSection(ProjectConfigurationPlatforms) = postSolution
		{E24F3998-FF55-4A8F-A7B5-B2DCC34EB3C2}.Debug|Any CPU.ActiveCfg = Debug|Any CPU
		{E24F3998-FF55-4A8F-A7B5-B2DCC34EB3C2}.Debug|Any CPU.Build.0 = Debug|Any CPU
		{E24F3998-FF55-4A8F-A7B5-B2DCC34EB3C2}.Release|Any CPU.ActiveCfg = Release|Any CPU
		{E24F3998-FF55-4A8F-A7B5-B2DCC34EB3C2}.Release|Any CPU.Build.0 = Release|Any CPU
		{AD85DA65-1CA0-48C3-A8FE-C4AAE13C086D}.Debug|Any CPU.ActiveCfg = Debug|Any CPU
		{AD85DA65-1CA0-48C3-A8FE-C4AAE13C086D}.Debug|Any CPU.Build.0 = Debug|Any CPU
		{AD85DA65-1CA0-48C3-A8FE-C4AAE13C086D}.Release|Any CPU.ActiveCfg = Release|Any CPU
		{AD85DA65-1CA0-48C3-A8FE-C4AAE13C086D}.Release|Any CPU.Build.0 = Release|Any CPU
		{4FC18E6E-E14E-4C08-94F3-FA4D6793A012}.Debug|Any CPU.ActiveCfg = Debug|Any CPU
		{4FC18E6E-E14E-4C08-94F3-FA4D6793A012}.Debug|Any CPU.Build.0 = Debug|Any CPU
		{4FC18E6E-E14E-4C08-94F3-FA4D6793A012}.Release|Any CPU.ActiveCfg = Release|Any CPU
		{4FC18E6E-E14E-4C08-94F3-FA4D6793A012}.Release|Any CPU.Build.0 = Release|Any CPU
	EndGlobalSection
	GlobalSection(SolutionProperties) = preSolution
		HideSolutionNode = FALSE
	EndGlobalSection
	GlobalSection(ExtensibilityGlobals) = postSolution
		SolutionGuid = {2956FBEE-4E34-43E4-A2B5-FDC78F395F72}
	EndGlobalSection
EndGlobal
